// !$*UTF8*$!
{
	archiveVersion = 1;
	classes = {
	};
	objectVersion = 56;
	objects = {

/* Begin PBXBuildFile section */
		2E131540298AB04C008ED79D /* TermsAndConditions.swift in Sources */ = {isa = PBXBuildFile; fileRef = 2E13153F298AB04C008ED79D /* TermsAndConditions.swift */; };
		2E131542298B8DB8008ED79D /* ProfileDetails.swift in Sources */ = {isa = PBXBuildFile; fileRef = 2E131541298B8DB8008ED79D /* ProfileDetails.swift */; };
		2E16785E297417E600184CB9 /* RegisterProtocol.swift in Sources */ = {isa = PBXBuildFile; fileRef = 2E16785D297417E600184CB9 /* RegisterProtocol.swift */; };
		2E1678602974180B00184CB9 /* RegisterService.swift in Sources */ = {isa = PBXBuildFile; fileRef = 2E16785F2974180B00184CB9 /* RegisterService.swift */; };
		2E167863297419DA00184CB9 /* NetworkError.swift in Sources */ = {isa = PBXBuildFile; fileRef = 2E167862297419DA00184CB9 /* NetworkError.swift */; };
		2E16786629741B5000184CB9 /* RegisterData.swift in Sources */ = {isa = PBXBuildFile; fileRef = 2E16786529741B5000184CB9 /* RegisterData.swift */; };
		2E19CE9229937ECE00499162 /* CustomTextField.swift in Sources */ = {isa = PBXBuildFile; fileRef = 2E19CE9129937ECE00499162 /* CustomTextField.swift */; };
		2E19CE96299397EE00499162 /* PhotoCaptureView.swift in Sources */ = {isa = PBXBuildFile; fileRef = 2E19CE95299397EE00499162 /* PhotoCaptureView.swift */; };
		2E19CE982993A27900499162 /* ImagePicker.swift in Sources */ = {isa = PBXBuildFile; fileRef = 2E19CE972993A27900499162 /* ImagePicker.swift */; };
		2E2119B12950A54D0009A0A4 /* SignUpView.swift in Sources */ = {isa = PBXBuildFile; fileRef = 2E2119B02950A54D0009A0A4 /* SignUpView.swift */; };
		2E2119B32950B2620009A0A4 /* CustomTextView.swift in Sources */ = {isa = PBXBuildFile; fileRef = 2E2119B22950B2620009A0A4 /* CustomTextView.swift */; };
		2E2119B52950B5130009A0A4 /* PasswordTextView.swift in Sources */ = {isa = PBXBuildFile; fileRef = 2E2119B42950B5130009A0A4 /* PasswordTextView.swift */; };
		2E2119BA2950C02E0009A0A4 /* StringExtension.swift in Sources */ = {isa = PBXBuildFile; fileRef = 2E2119B92950C02E0009A0A4 /* StringExtension.swift */; };
		2E2426A72996151D005A72C2 /* IncompleteProfile.swift in Sources */ = {isa = PBXBuildFile; fileRef = 2E2426A62996151D005A72C2 /* IncompleteProfile.swift */; };
		2E2C230A2951B508003929C1 /* Launch Screen.storyboard in Resources */ = {isa = PBXBuildFile; fileRef = 2E2C23092951B508003929C1 /* Launch Screen.storyboard */; };
		2E5CDC5B294F2021001F2524 /* CarGoApp.swift in Sources */ = {isa = PBXBuildFile; fileRef = 2E5CDC5A294F2021001F2524 /* CarGoApp.swift */; };
		2E5CDC5F294F2022001F2524 /* Assets.xcassets in Resources */ = {isa = PBXBuildFile; fileRef = 2E5CDC5E294F2022001F2524 /* Assets.xcassets */; };
		2E5CDC62294F2022001F2524 /* Preview Assets.xcassets in Resources */ = {isa = PBXBuildFile; fileRef = 2E5CDC61294F2022001F2524 /* Preview Assets.xcassets */; };
		2E5CDC67294F2022001F2524 /* CarGo.xcdatamodeld in Sources */ = {isa = PBXBuildFile; fileRef = 2E5CDC65294F2022001F2524 /* CarGo.xcdatamodeld */; };
		2E6353262976A17F0016EC6E /* LoginData.swift in Sources */ = {isa = PBXBuildFile; fileRef = 2E6353252976A17F0016EC6E /* LoginData.swift */; };
		2E6353282976A2210016EC6E /* LoginProtocol.swift in Sources */ = {isa = PBXBuildFile; fileRef = 2E6353272976A2210016EC6E /* LoginProtocol.swift */; };
		2E63532A2976A25C0016EC6E /* LoginService.swift in Sources */ = {isa = PBXBuildFile; fileRef = 2E6353292976A25C0016EC6E /* LoginService.swift */; };
		2E63532E2976A3CA0016EC6E /* UserDTO.swift in Sources */ = {isa = PBXBuildFile; fileRef = 2E63532D2976A3CA0016EC6E /* UserDTO.swift */; };
		2E7205BD29964DEC006AED35 /* ProfileContentView.swift in Sources */ = {isa = PBXBuildFile; fileRef = 2E7205BC29964DEC006AED35 /* ProfileContentView.swift */; };
		2E7205BF29964E22006AED35 /* Router.swift in Sources */ = {isa = PBXBuildFile; fileRef = 2E7205BE29964E22006AED35 /* Router.swift */; };
		2E7205C12996759F006AED35 /* HowCarGoWorks.swift in Sources */ = {isa = PBXBuildFile; fileRef = 2E7205C02996759F006AED35 /* HowCarGoWorks.swift */; };
		2E7205C3299677DD006AED35 /* Number.swift in Sources */ = {isa = PBXBuildFile; fileRef = 2E7205C2299677DD006AED35 /* Number.swift */; };
		2E76413E299BA9A60016E941 /* ChangeEmail.swift in Sources */ = {isa = PBXBuildFile; fileRef = 2E76413D299BA9A60016E941 /* ChangeEmail.swift */; };
		2E764140299BBC040016E941 /* ChangeEmailProtocol.swift in Sources */ = {isa = PBXBuildFile; fileRef = 2E76413F299BBC040016E941 /* ChangeEmailProtocol.swift */; };
		2E764142299BBC520016E941 /* ChangeEmailService.swift in Sources */ = {isa = PBXBuildFile; fileRef = 2E764141299BBC520016E941 /* ChangeEmailService.swift */; };
		2E764144299BDE0F0016E941 /* ChangePhoneNumber.swift in Sources */ = {isa = PBXBuildFile; fileRef = 2E764143299BDE0F0016E941 /* ChangePhoneNumber.swift */; };
		2E764146299BDF180016E941 /* ChangePhoneNumberProtocol.swift in Sources */ = {isa = PBXBuildFile; fileRef = 2E764145299BDF180016E941 /* ChangePhoneNumberProtocol.swift */; };
		2E764148299BDF6E0016E941 /* ChangePhoneNumberService.swift in Sources */ = {isa = PBXBuildFile; fileRef = 2E764147299BDF6E0016E941 /* ChangePhoneNumberService.swift */; };
		2E91E94B2981713C00B70C4B /* RentingContentView.swift in Sources */ = {isa = PBXBuildFile; fileRef = 2E91E94A2981713C00B70C4B /* RentingContentView.swift */; };
		2E91E94E298171DA00B70C4B /* SearchCarsView.swift in Sources */ = {isa = PBXBuildFile; fileRef = 2E91E94D298171DA00B70C4B /* SearchCarsView.swift */; };
		2E91E950298171EC00B70C4B /* FavoriteCarsView.swift in Sources */ = {isa = PBXBuildFile; fileRef = 2E91E94F298171EC00B70C4B /* FavoriteCarsView.swift */; };
		2E91E952298171FE00B70C4B /* MyBookingsView.swift in Sources */ = {isa = PBXBuildFile; fileRef = 2E91E951298171FE00B70C4B /* MyBookingsView.swift */; };
		2E91E9542981720F00B70C4B /* ProfileView.swift in Sources */ = {isa = PBXBuildFile; fileRef = 2E91E9532981720F00B70C4B /* ProfileView.swift */; };
		2EA0D8BB2976CC9F005DE1D9 /* LoginViewModel.swift in Sources */ = {isa = PBXBuildFile; fileRef = 2EA0D8BA2976CC9F005DE1D9 /* LoginViewModel.swift */; };
		2EAB174D2980051C001A153F /* ErrorResponse.swift in Sources */ = {isa = PBXBuildFile; fileRef = 2EAB174C2980051C001A153F /* ErrorResponse.swift */; };
		2EBC7017299A0BA600084A48 /* UserRepository.swift in Sources */ = {isa = PBXBuildFile; fileRef = 2EBC7016299A0BA600084A48 /* UserRepository.swift */; };
		2EBC7019299A708B00084A48 /* AccountInfoProtocol.swift in Sources */ = {isa = PBXBuildFile; fileRef = 2EBC7018299A708B00084A48 /* AccountInfoProtocol.swift */; };
		2EBC702E299A714000084A48 /* AccountInfoService.swift in Sources */ = {isa = PBXBuildFile; fileRef = 2EBC702D299A714000084A48 /* AccountInfoService.swift */; };
		2EBC7031299A7EEC00084A48 /* AccountInfo.swift in Sources */ = {isa = PBXBuildFile; fileRef = 2EBC7030299A7EEC00084A48 /* AccountInfo.swift */; };
		2ECBAF472973FA90001FE86C /* RegisterViewModel.swift in Sources */ = {isa = PBXBuildFile; fileRef = 2ECBAF462973FA90001FE86C /* RegisterViewModel.swift */; };
		2ED414A62994DAA4008B5356 /* UserDetailsData.swift in Sources */ = {isa = PBXBuildFile; fileRef = 2ED414A52994DAA4008B5356 /* UserDetailsData.swift */; };
		2ED414A82994DB3C008B5356 /* EditProfileProtocol.swift in Sources */ = {isa = PBXBuildFile; fileRef = 2ED414A72994DB3C008B5356 /* EditProfileProtocol.swift */; };
		2ED414AA2994DBA2008B5356 /* EditProfileService.swift in Sources */ = {isa = PBXBuildFile; fileRef = 2ED414A92994DBA2008B5356 /* EditProfileService.swift */; };
		2ED414AC2994DC0D008B5356 /* ApiEndpoint.swift in Sources */ = {isa = PBXBuildFile; fileRef = 2ED414AB2994DC0D008B5356 /* ApiEndpoint.swift */; };
		2ED414B02994E196008B5356 /* EditProfileViewModel.swift in Sources */ = {isa = PBXBuildFile; fileRef = 2ED414AF2994E196008B5356 /* EditProfileViewModel.swift */; };
		2ED414B229951CA2008B5356 /* UserInfoProtocol.swift in Sources */ = {isa = PBXBuildFile; fileRef = 2ED414B129951CA2008B5356 /* UserInfoProtocol.swift */; };
		2ED414B429951D40008B5356 /* UserInfoService.swift in Sources */ = {isa = PBXBuildFile; fileRef = 2ED414B329951D40008B5356 /* UserInfoService.swift */; };
		2ED414B829951F05008B5356 /* ProfileViewModel.swift in Sources */ = {isa = PBXBuildFile; fileRef = 2ED414B729951F05008B5356 /* ProfileViewModel.swift */; };
		2ED414BA299521DD008B5356 /* DataExtension.swift in Sources */ = {isa = PBXBuildFile; fileRef = 2ED414B9299521DD008B5356 /* DataExtension.swift */; };
		2ED414BC29952571008B5356 /* EmptyProfileImage.swift in Sources */ = {isa = PBXBuildFile; fileRef = 2ED414BB29952571008B5356 /* EmptyProfileImage.swift */; };
		2EDFD6EA29755F0D00561C6E /* Response.swift in Sources */ = {isa = PBXBuildFile; fileRef = 2EDFD6E929755F0D00561C6E /* Response.swift */; };
		2EE40790294F3C69005A6CCD /* WelcomeView.swift in Sources */ = {isa = PBXBuildFile; fileRef = 2EE4078F294F3C69005A6CCD /* WelcomeView.swift */; };
		2EF1CB19298BE2EB009F8626 /* EditProfile.swift in Sources */ = {isa = PBXBuildFile; fileRef = 2EF1CB18298BE2EB009F8626 /* EditProfile.swift */; };
		2EF1CB1C298D442E009F8626 /* MultiSelector.swift in Sources */ = {isa = PBXBuildFile; fileRef = 2EF1CB1B298D442E009F8626 /* MultiSelector.swift */; };
		2EF1CB1E298D46C2009F8626 /* Languages.swift in Sources */ = {isa = PBXBuildFile; fileRef = 2EF1CB1D298D46C2009F8626 /* Languages.swift */; };
		2EF1CB20298D4BD9009F8626 /* MultiSelectionView.swift in Sources */ = {isa = PBXBuildFile; fileRef = 2EF1CB1F298D4BD9009F8626 /* MultiSelectionView.swift */; };
		316C7C20DF6A448DD73A33E2 /* Pods_CarGo_CarGoUITests.framework in Frameworks */ = {isa = PBXBuildFile; fileRef = 80FB057E3486CB2B0521ED8F /* Pods_CarGo_CarGoUITests.framework */; };
		BA4021634B83DF14C96DFB9B /* Pods_CarGoTests.framework in Frameworks */ = {isa = PBXBuildFile; fileRef = 62447F8F3E6A72F776F07F9C /* Pods_CarGoTests.framework */; };
		D576D3579D86D9091859224B /* Pods_CarGo.framework in Frameworks */ = {isa = PBXBuildFile; fileRef = BEFBCBA015E8B76AA55FA198 /* Pods_CarGo.framework */; };
/* End PBXBuildFile section */

/* Begin PBXContainerItemProxy section */
		2E5CDC6D294F2022001F2524 /* PBXContainerItemProxy */ = {
			isa = PBXContainerItemProxy;
			containerPortal = 2E5CDC4F294F2021001F2524 /* Project object */;
			proxyType = 1;
			remoteGlobalIDString = 2E5CDC56294F2021001F2524;
			remoteInfo = CarGo;
		};
		2E5CDC77294F2022001F2524 /* PBXContainerItemProxy */ = {
			isa = PBXContainerItemProxy;
			containerPortal = 2E5CDC4F294F2021001F2524 /* Project object */;
			proxyType = 1;
			remoteGlobalIDString = 2E5CDC56294F2021001F2524;
			remoteInfo = CarGo;
		};
/* End PBXContainerItemProxy section */

/* Begin PBXFileReference section */
		0AE97BE8EB6C092F50BA3A7E /* Pods-CarGo-CarGoUITests.release.xcconfig */ = {isa = PBXFileReference; includeInIndex = 1; lastKnownFileType = text.xcconfig; name = "Pods-CarGo-CarGoUITests.release.xcconfig"; path = "Target Support Files/Pods-CarGo-CarGoUITests/Pods-CarGo-CarGoUITests.release.xcconfig"; sourceTree = "<group>"; };
		1965C0BEDF433C762F6DB8EB /* Pods-CarGo-CarGoUITests.debug.xcconfig */ = {isa = PBXFileReference; includeInIndex = 1; lastKnownFileType = text.xcconfig; name = "Pods-CarGo-CarGoUITests.debug.xcconfig"; path = "Target Support Files/Pods-CarGo-CarGoUITests/Pods-CarGo-CarGoUITests.debug.xcconfig"; sourceTree = "<group>"; };
		2E13153F298AB04C008ED79D /* TermsAndConditions.swift */ = {isa = PBXFileReference; lastKnownFileType = sourcecode.swift; path = TermsAndConditions.swift; sourceTree = "<group>"; };
		2E131541298B8DB8008ED79D /* ProfileDetails.swift */ = {isa = PBXFileReference; lastKnownFileType = sourcecode.swift; path = ProfileDetails.swift; sourceTree = "<group>"; };
		2E16785D297417E600184CB9 /* RegisterProtocol.swift */ = {isa = PBXFileReference; lastKnownFileType = sourcecode.swift; path = RegisterProtocol.swift; sourceTree = "<group>"; };
		2E16785F2974180B00184CB9 /* RegisterService.swift */ = {isa = PBXFileReference; lastKnownFileType = sourcecode.swift; path = RegisterService.swift; sourceTree = "<group>"; };
		2E167862297419DA00184CB9 /* NetworkError.swift */ = {isa = PBXFileReference; lastKnownFileType = sourcecode.swift; path = NetworkError.swift; sourceTree = "<group>"; };
		2E16786529741B5000184CB9 /* RegisterData.swift */ = {isa = PBXFileReference; lastKnownFileType = sourcecode.swift; path = RegisterData.swift; sourceTree = "<group>"; };
		2E19CE9129937ECE00499162 /* CustomTextField.swift */ = {isa = PBXFileReference; lastKnownFileType = sourcecode.swift; path = CustomTextField.swift; sourceTree = "<group>"; };
		2E19CE95299397EE00499162 /* PhotoCaptureView.swift */ = {isa = PBXFileReference; lastKnownFileType = sourcecode.swift; path = PhotoCaptureView.swift; sourceTree = "<group>"; };
		2E19CE972993A27900499162 /* ImagePicker.swift */ = {isa = PBXFileReference; fileEncoding = 4; lastKnownFileType = sourcecode.swift; path = ImagePicker.swift; sourceTree = "<group>"; };
		2E2119B02950A54D0009A0A4 /* SignUpView.swift */ = {isa = PBXFileReference; lastKnownFileType = sourcecode.swift; path = SignUpView.swift; sourceTree = "<group>"; };
		2E2119B22950B2620009A0A4 /* CustomTextView.swift */ = {isa = PBXFileReference; lastKnownFileType = sourcecode.swift; path = CustomTextView.swift; sourceTree = "<group>"; };
		2E2119B42950B5130009A0A4 /* PasswordTextView.swift */ = {isa = PBXFileReference; lastKnownFileType = sourcecode.swift; path = PasswordTextView.swift; sourceTree = "<group>"; };
		2E2119B92950C02E0009A0A4 /* StringExtension.swift */ = {isa = PBXFileReference; lastKnownFileType = sourcecode.swift; path = StringExtension.swift; sourceTree = "<group>"; };
		2E2426A62996151D005A72C2 /* IncompleteProfile.swift */ = {isa = PBXFileReference; lastKnownFileType = sourcecode.swift; path = IncompleteProfile.swift; sourceTree = "<group>"; };
		2E2C23092951B508003929C1 /* Launch Screen.storyboard */ = {isa = PBXFileReference; lastKnownFileType = file.storyboard; path = "Launch Screen.storyboard"; sourceTree = "<group>"; };
		2E5CDC57294F2021001F2524 /* CarGo.app */ = {isa = PBXFileReference; explicitFileType = wrapper.application; includeInIndex = 0; path = CarGo.app; sourceTree = BUILT_PRODUCTS_DIR; };
		2E5CDC5A294F2021001F2524 /* CarGoApp.swift */ = {isa = PBXFileReference; lastKnownFileType = sourcecode.swift; path = CarGoApp.swift; sourceTree = "<group>"; };
		2E5CDC5E294F2022001F2524 /* Assets.xcassets */ = {isa = PBXFileReference; lastKnownFileType = folder.assetcatalog; path = Assets.xcassets; sourceTree = "<group>"; };
		2E5CDC61294F2022001F2524 /* Preview Assets.xcassets */ = {isa = PBXFileReference; lastKnownFileType = folder.assetcatalog; path = "Preview Assets.xcassets"; sourceTree = "<group>"; };
		2E5CDC66294F2022001F2524 /* CarGo.xcdatamodel */ = {isa = PBXFileReference; lastKnownFileType = wrapper.xcdatamodel; path = CarGo.xcdatamodel; sourceTree = "<group>"; };
		2E5CDC6C294F2022001F2524 /* CarGoTests.xctest */ = {isa = PBXFileReference; explicitFileType = wrapper.cfbundle; includeInIndex = 0; path = CarGoTests.xctest; sourceTree = BUILT_PRODUCTS_DIR; };
		2E5CDC76294F2022001F2524 /* CarGoUITests.xctest */ = {isa = PBXFileReference; explicitFileType = wrapper.cfbundle; includeInIndex = 0; path = CarGoUITests.xctest; sourceTree = BUILT_PRODUCTS_DIR; };
		2E6353252976A17F0016EC6E /* LoginData.swift */ = {isa = PBXFileReference; lastKnownFileType = sourcecode.swift; path = LoginData.swift; sourceTree = "<group>"; };
		2E6353272976A2210016EC6E /* LoginProtocol.swift */ = {isa = PBXFileReference; lastKnownFileType = sourcecode.swift; path = LoginProtocol.swift; sourceTree = "<group>"; };
		2E6353292976A25C0016EC6E /* LoginService.swift */ = {isa = PBXFileReference; lastKnownFileType = sourcecode.swift; path = LoginService.swift; sourceTree = "<group>"; };
		2E63532D2976A3CA0016EC6E /* UserDTO.swift */ = {isa = PBXFileReference; lastKnownFileType = sourcecode.swift; path = UserDTO.swift; sourceTree = "<group>"; };
		2E7205BC29964DEC006AED35 /* ProfileContentView.swift */ = {isa = PBXFileReference; lastKnownFileType = sourcecode.swift; path = ProfileContentView.swift; sourceTree = "<group>"; };
		2E7205BE29964E22006AED35 /* Router.swift */ = {isa = PBXFileReference; lastKnownFileType = sourcecode.swift; path = Router.swift; sourceTree = "<group>"; };
		2E7205C02996759F006AED35 /* HowCarGoWorks.swift */ = {isa = PBXFileReference; lastKnownFileType = sourcecode.swift; path = HowCarGoWorks.swift; sourceTree = "<group>"; };
		2E7205C2299677DD006AED35 /* Number.swift */ = {isa = PBXFileReference; lastKnownFileType = sourcecode.swift; path = Number.swift; sourceTree = "<group>"; };
		2E76413D299BA9A60016E941 /* ChangeEmail.swift */ = {isa = PBXFileReference; lastKnownFileType = sourcecode.swift; path = ChangeEmail.swift; sourceTree = "<group>"; };
		2E76413F299BBC040016E941 /* ChangeEmailProtocol.swift */ = {isa = PBXFileReference; lastKnownFileType = sourcecode.swift; path = ChangeEmailProtocol.swift; sourceTree = "<group>"; };
		2E764141299BBC520016E941 /* ChangeEmailService.swift */ = {isa = PBXFileReference; lastKnownFileType = sourcecode.swift; path = ChangeEmailService.swift; sourceTree = "<group>"; };
		2E764143299BDE0F0016E941 /* ChangePhoneNumber.swift */ = {isa = PBXFileReference; lastKnownFileType = sourcecode.swift; path = ChangePhoneNumber.swift; sourceTree = "<group>"; };
		2E764145299BDF180016E941 /* ChangePhoneNumberProtocol.swift */ = {isa = PBXFileReference; lastKnownFileType = sourcecode.swift; path = ChangePhoneNumberProtocol.swift; sourceTree = "<group>"; };
		2E764147299BDF6E0016E941 /* ChangePhoneNumberService.swift */ = {isa = PBXFileReference; lastKnownFileType = sourcecode.swift; path = ChangePhoneNumberService.swift; sourceTree = "<group>"; };
		2E91E94A2981713C00B70C4B /* RentingContentView.swift */ = {isa = PBXFileReference; lastKnownFileType = sourcecode.swift; path = RentingContentView.swift; sourceTree = "<group>"; };
		2E91E94D298171DA00B70C4B /* SearchCarsView.swift */ = {isa = PBXFileReference; lastKnownFileType = sourcecode.swift; path = SearchCarsView.swift; sourceTree = "<group>"; };
		2E91E94F298171EC00B70C4B /* FavoriteCarsView.swift */ = {isa = PBXFileReference; lastKnownFileType = sourcecode.swift; path = FavoriteCarsView.swift; sourceTree = "<group>"; };
		2E91E951298171FE00B70C4B /* MyBookingsView.swift */ = {isa = PBXFileReference; lastKnownFileType = sourcecode.swift; path = MyBookingsView.swift; sourceTree = "<group>"; };
		2E91E9532981720F00B70C4B /* ProfileView.swift */ = {isa = PBXFileReference; lastKnownFileType = sourcecode.swift; path = ProfileView.swift; sourceTree = "<group>"; };
		2EA0D8BA2976CC9F005DE1D9 /* LoginViewModel.swift */ = {isa = PBXFileReference; lastKnownFileType = sourcecode.swift; path = LoginViewModel.swift; sourceTree = "<group>"; };
		2EAB174C2980051C001A153F /* ErrorResponse.swift */ = {isa = PBXFileReference; lastKnownFileType = sourcecode.swift; path = ErrorResponse.swift; sourceTree = "<group>"; };
		2EBC7016299A0BA600084A48 /* UserRepository.swift */ = {isa = PBXFileReference; lastKnownFileType = sourcecode.swift; path = UserRepository.swift; sourceTree = "<group>"; };
		2EBC7018299A708B00084A48 /* AccountInfoProtocol.swift */ = {isa = PBXFileReference; lastKnownFileType = sourcecode.swift; path = AccountInfoProtocol.swift; sourceTree = "<group>"; };
		2EBC702D299A714000084A48 /* AccountInfoService.swift */ = {isa = PBXFileReference; lastKnownFileType = sourcecode.swift; path = AccountInfoService.swift; sourceTree = "<group>"; };
		2EBC7030299A7EEC00084A48 /* AccountInfo.swift */ = {isa = PBXFileReference; lastKnownFileType = sourcecode.swift; path = AccountInfo.swift; sourceTree = "<group>"; };
		2ECBAF462973FA90001FE86C /* RegisterViewModel.swift */ = {isa = PBXFileReference; lastKnownFileType = sourcecode.swift; path = RegisterViewModel.swift; sourceTree = "<group>"; };
		2ED414A52994DAA4008B5356 /* UserDetailsData.swift */ = {isa = PBXFileReference; lastKnownFileType = sourcecode.swift; path = UserDetailsData.swift; sourceTree = "<group>"; };
		2ED414A72994DB3C008B5356 /* EditProfileProtocol.swift */ = {isa = PBXFileReference; lastKnownFileType = sourcecode.swift; path = EditProfileProtocol.swift; sourceTree = "<group>"; };
		2ED414A92994DBA2008B5356 /* EditProfileService.swift */ = {isa = PBXFileReference; lastKnownFileType = sourcecode.swift; path = EditProfileService.swift; sourceTree = "<group>"; };
		2ED414AB2994DC0D008B5356 /* ApiEndpoint.swift */ = {isa = PBXFileReference; lastKnownFileType = sourcecode.swift; path = ApiEndpoint.swift; sourceTree = "<group>"; };
		2ED414AF2994E196008B5356 /* EditProfileViewModel.swift */ = {isa = PBXFileReference; lastKnownFileType = sourcecode.swift; path = EditProfileViewModel.swift; sourceTree = "<group>"; };
		2ED414B129951CA2008B5356 /* UserInfoProtocol.swift */ = {isa = PBXFileReference; lastKnownFileType = sourcecode.swift; path = UserInfoProtocol.swift; sourceTree = "<group>"; };
		2ED414B329951D40008B5356 /* UserInfoService.swift */ = {isa = PBXFileReference; lastKnownFileType = sourcecode.swift; path = UserInfoService.swift; sourceTree = "<group>"; };
		2ED414B729951F05008B5356 /* ProfileViewModel.swift */ = {isa = PBXFileReference; lastKnownFileType = sourcecode.swift; path = ProfileViewModel.swift; sourceTree = "<group>"; };
		2ED414B9299521DD008B5356 /* DataExtension.swift */ = {isa = PBXFileReference; lastKnownFileType = sourcecode.swift; path = DataExtension.swift; sourceTree = "<group>"; };
		2ED414BB29952571008B5356 /* EmptyProfileImage.swift */ = {isa = PBXFileReference; lastKnownFileType = sourcecode.swift; path = EmptyProfileImage.swift; sourceTree = "<group>"; };
		2EDE7DB32950C68C008F9F31 /* Info.plist */ = {isa = PBXFileReference; lastKnownFileType = text.plist; path = Info.plist; sourceTree = "<group>"; };
		2EDFD6E929755F0D00561C6E /* Response.swift */ = {isa = PBXFileReference; lastKnownFileType = sourcecode.swift; path = Response.swift; sourceTree = "<group>"; };
		2EE4078F294F3C69005A6CCD /* WelcomeView.swift */ = {isa = PBXFileReference; lastKnownFileType = sourcecode.swift; path = WelcomeView.swift; sourceTree = "<group>"; };
		2EF1CB18298BE2EB009F8626 /* EditProfile.swift */ = {isa = PBXFileReference; lastKnownFileType = sourcecode.swift; path = EditProfile.swift; sourceTree = "<group>"; };
		2EF1CB1B298D442E009F8626 /* MultiSelector.swift */ = {isa = PBXFileReference; lastKnownFileType = sourcecode.swift; path = MultiSelector.swift; sourceTree = "<group>"; };
		2EF1CB1D298D46C2009F8626 /* Languages.swift */ = {isa = PBXFileReference; lastKnownFileType = sourcecode.swift; path = Languages.swift; sourceTree = "<group>"; };
		2EF1CB1F298D4BD9009F8626 /* MultiSelectionView.swift */ = {isa = PBXFileReference; lastKnownFileType = sourcecode.swift; path = MultiSelectionView.swift; sourceTree = "<group>"; };
		54BCF711DE88C9164AD48204 /* Pods-CarGoTests.release.xcconfig */ = {isa = PBXFileReference; includeInIndex = 1; lastKnownFileType = text.xcconfig; name = "Pods-CarGoTests.release.xcconfig"; path = "Target Support Files/Pods-CarGoTests/Pods-CarGoTests.release.xcconfig"; sourceTree = "<group>"; };
		62447F8F3E6A72F776F07F9C /* Pods_CarGoTests.framework */ = {isa = PBXFileReference; explicitFileType = wrapper.framework; includeInIndex = 0; path = Pods_CarGoTests.framework; sourceTree = BUILT_PRODUCTS_DIR; };
		80FB057E3486CB2B0521ED8F /* Pods_CarGo_CarGoUITests.framework */ = {isa = PBXFileReference; explicitFileType = wrapper.framework; includeInIndex = 0; path = Pods_CarGo_CarGoUITests.framework; sourceTree = BUILT_PRODUCTS_DIR; };
		861D0C88C988D032E6A2B7A2 /* Pods-CarGoTests.debug.xcconfig */ = {isa = PBXFileReference; includeInIndex = 1; lastKnownFileType = text.xcconfig; name = "Pods-CarGoTests.debug.xcconfig"; path = "Target Support Files/Pods-CarGoTests/Pods-CarGoTests.debug.xcconfig"; sourceTree = "<group>"; };
		BEFBCBA015E8B76AA55FA198 /* Pods_CarGo.framework */ = {isa = PBXFileReference; explicitFileType = wrapper.framework; includeInIndex = 0; path = Pods_CarGo.framework; sourceTree = BUILT_PRODUCTS_DIR; };
		C93542DC751FB58CC7C13795 /* Pods-CarGo.release.xcconfig */ = {isa = PBXFileReference; includeInIndex = 1; lastKnownFileType = text.xcconfig; name = "Pods-CarGo.release.xcconfig"; path = "Target Support Files/Pods-CarGo/Pods-CarGo.release.xcconfig"; sourceTree = "<group>"; };
		FC814580E0BC437143919B9D /* Pods-CarGo.debug.xcconfig */ = {isa = PBXFileReference; includeInIndex = 1; lastKnownFileType = text.xcconfig; name = "Pods-CarGo.debug.xcconfig"; path = "Target Support Files/Pods-CarGo/Pods-CarGo.debug.xcconfig"; sourceTree = "<group>"; };
/* End PBXFileReference section */

/* Begin PBXFrameworksBuildPhase section */
		2E5CDC54294F2021001F2524 /* Frameworks */ = {
			isa = PBXFrameworksBuildPhase;
			buildActionMask = 2147483647;
			files = (
				D576D3579D86D9091859224B /* Pods_CarGo.framework in Frameworks */,
			);
			runOnlyForDeploymentPostprocessing = 0;
		};
		2E5CDC69294F2022001F2524 /* Frameworks */ = {
			isa = PBXFrameworksBuildPhase;
			buildActionMask = 2147483647;
			files = (
				BA4021634B83DF14C96DFB9B /* Pods_CarGoTests.framework in Frameworks */,
			);
			runOnlyForDeploymentPostprocessing = 0;
		};
		2E5CDC73294F2022001F2524 /* Frameworks */ = {
			isa = PBXFrameworksBuildPhase;
			buildActionMask = 2147483647;
			files = (
				316C7C20DF6A448DD73A33E2 /* Pods_CarGo_CarGoUITests.framework in Frameworks */,
			);
			runOnlyForDeploymentPostprocessing = 0;
		};
/* End PBXFrameworksBuildPhase section */

/* Begin PBXGroup section */
		2E16785A2974152700184CB9 /* Service */ = {
			isa = PBXGroup;
			children = (
				2E16785D297417E600184CB9 /* RegisterProtocol.swift */,
				2E16785F2974180B00184CB9 /* RegisterService.swift */,
				2E6353272976A2210016EC6E /* LoginProtocol.swift */,
				2E6353292976A25C0016EC6E /* LoginService.swift */,
				2ED414A72994DB3C008B5356 /* EditProfileProtocol.swift */,
				2ED414A92994DBA2008B5356 /* EditProfileService.swift */,
				2ED414B129951CA2008B5356 /* UserInfoProtocol.swift */,
				2ED414B329951D40008B5356 /* UserInfoService.swift */,
				2EBC7018299A708B00084A48 /* AccountInfoProtocol.swift */,
				2EBC702D299A714000084A48 /* AccountInfoService.swift */,
				2E76413F299BBC040016E941 /* ChangeEmailProtocol.swift */,
				2E764141299BBC520016E941 /* ChangeEmailService.swift */,
				2E764145299BDF180016E941 /* ChangePhoneNumberProtocol.swift */,
				2E764147299BDF6E0016E941 /* ChangePhoneNumberService.swift */,
			);
			path = Service;
			sourceTree = "<group>";
		};
		2E167861297419C100184CB9 /* Helper */ = {
			isa = PBXGroup;
			children = (
				2E167862297419DA00184CB9 /* NetworkError.swift */,
				2EF1CB1D298D46C2009F8626 /* Languages.swift */,
				2ED414AB2994DC0D008B5356 /* ApiEndpoint.swift */,
				2E7205BE29964E22006AED35 /* Router.swift */,
			);
			path = Helper;
			sourceTree = "<group>";
		};
		2E16786429741B3C00184CB9 /* Data */ = {
			isa = PBXGroup;
			children = (
				2E16786529741B5000184CB9 /* RegisterData.swift */,
				2E6353252976A17F0016EC6E /* LoginData.swift */,
				2ED414A52994DAA4008B5356 /* UserDetailsData.swift */,
			);
			path = Data;
			sourceTree = "<group>";
		};
		2E2119B82950C0170009A0A4 /* Extension */ = {
			isa = PBXGroup;
			children = (
				2E2119B92950C02E0009A0A4 /* StringExtension.swift */,
				2ED414B9299521DD008B5356 /* DataExtension.swift */,
			);
			path = Extension;
			sourceTree = "<group>";
		};
		2E5CDC4E294F2020001F2524 = {
			isa = PBXGroup;
			children = (
				2E5CDC59294F2021001F2524 /* CarGo */,
				2E5CDC6F294F2022001F2524 /* CarGoTests */,
				2E5CDC79294F2022001F2524 /* CarGoUITests */,
				2E5CDC58294F2021001F2524 /* Products */,
				35E4CAAA0805A8BC47F8E7D2 /* Pods */,
				626B205ED459ED8CAFEB3CF0 /* Frameworks */,
			);
			sourceTree = "<group>";
		};
		2E5CDC58294F2021001F2524 /* Products */ = {
			isa = PBXGroup;
			children = (
				2E5CDC57294F2021001F2524 /* CarGo.app */,
				2E5CDC6C294F2022001F2524 /* CarGoTests.xctest */,
				2E5CDC76294F2022001F2524 /* CarGoUITests.xctest */,
			);
			name = Products;
			sourceTree = "<group>";
		};
		2E5CDC59294F2021001F2524 /* CarGo */ = {
			isa = PBXGroup;
			children = (
				2EBC7015299A0B8600084A48 /* Repository */,
				2EDFD6E829755EF000561C6E /* DTO */,
				2E16786429741B3C00184CB9 /* Data */,
				2E167861297419C100184CB9 /* Helper */,
				2E16785A2974152700184CB9 /* Service */,
				2ECBAF452973FA7C001FE86C /* ViewModel */,
				2EDE7DB32950C68C008F9F31 /* Info.plist */,
				2E2119B82950C0170009A0A4 /* Extension */,
				2EE4078E294F3C44005A6CCD /* Views */,
				2E5CDC5A294F2021001F2524 /* CarGoApp.swift */,
				2E5CDC5E294F2022001F2524 /* Assets.xcassets */,
				2E5CDC65294F2022001F2524 /* CarGo.xcdatamodeld */,
				2E5CDC60294F2022001F2524 /* Preview Content */,
				2E2C23092951B508003929C1 /* Launch Screen.storyboard */,
			);
			path = CarGo;
			sourceTree = "<group>";
		};
		2E5CDC60294F2022001F2524 /* Preview Content */ = {
			isa = PBXGroup;
			children = (
				2E5CDC61294F2022001F2524 /* Preview Assets.xcassets */,
			);
			path = "Preview Content";
			sourceTree = "<group>";
		};
		2E5CDC6F294F2022001F2524 /* CarGoTests */ = {
			isa = PBXGroup;
			children = (
			);
			path = CarGoTests;
			sourceTree = "<group>";
		};
		2E5CDC79294F2022001F2524 /* CarGoUITests */ = {
			isa = PBXGroup;
			children = (
			);
			path = CarGoUITests;
			sourceTree = "<group>";
		};
		2E91E94C2981714200B70C4B /* RentingViews */ = {
			isa = PBXGroup;
			children = (
				2E91E94D298171DA00B70C4B /* SearchCarsView.swift */,
				2E91E94F298171EC00B70C4B /* FavoriteCarsView.swift */,
				2E91E951298171FE00B70C4B /* MyBookingsView.swift */,
				2EF1CB17298BE2C0009F8626 /* Profile */,
			);
			path = RentingViews;
			sourceTree = "<group>";
		};
		2EBC7015299A0B8600084A48 /* Repository */ = {
			isa = PBXGroup;
			children = (
				2EBC7016299A0BA600084A48 /* UserRepository.swift */,
			);
			path = Repository;
			sourceTree = "<group>";
		};
		2EBC702F299A7ED500084A48 /* Account */ = {
			isa = PBXGroup;
			children = (
				2EBC7030299A7EEC00084A48 /* AccountInfo.swift */,
				2E76413D299BA9A60016E941 /* ChangeEmail.swift */,
				2E764143299BDE0F0016E941 /* ChangePhoneNumber.swift */,
			);
			path = Account;
			sourceTree = "<group>";
		};
		2ECBAF452973FA7C001FE86C /* ViewModel */ = {
			isa = PBXGroup;
			children = (
				2ECBAF462973FA90001FE86C /* RegisterViewModel.swift */,
				2EA0D8BA2976CC9F005DE1D9 /* LoginViewModel.swift */,
				2ED414AF2994E196008B5356 /* EditProfileViewModel.swift */,
				2ED414B729951F05008B5356 /* ProfileViewModel.swift */,
			);
			path = ViewModel;
			sourceTree = "<group>";
		};
		2EDFD6E829755EF000561C6E /* DTO */ = {
			isa = PBXGroup;
			children = (
				2EDFD6E929755F0D00561C6E /* Response.swift */,
				2E63532D2976A3CA0016EC6E /* UserDTO.swift */,
				2EAB174C2980051C001A153F /* ErrorResponse.swift */,
			);
			path = DTO;
			sourceTree = "<group>";
		};
		2EE4078E294F3C44005A6CCD /* Views */ = {
			isa = PBXGroup;
			children = (
				2EF1CB1A298D440E009F8626 /* Helpers */,
				2E91E94C2981714200B70C4B /* RentingViews */,
				2EE4078F294F3C69005A6CCD /* WelcomeView.swift */,
				2E2119B02950A54D0009A0A4 /* SignUpView.swift */,
				2E2119B22950B2620009A0A4 /* CustomTextView.swift */,
				2E2119B42950B5130009A0A4 /* PasswordTextView.swift */,
				2E91E94A2981713C00B70C4B /* RentingContentView.swift */,
				2E13153F298AB04C008ED79D /* TermsAndConditions.swift */,
			);
			path = Views;
			sourceTree = "<group>";
		};
		2EF1CB17298BE2C0009F8626 /* Profile */ = {
			isa = PBXGroup;
			children = (
				2EBC702F299A7ED500084A48 /* Account */,
				2E91E9532981720F00B70C4B /* ProfileView.swift */,
				2E131541298B8DB8008ED79D /* ProfileDetails.swift */,
				2EF1CB18298BE2EB009F8626 /* EditProfile.swift */,
				2E2426A62996151D005A72C2 /* IncompleteProfile.swift */,
				2E7205BC29964DEC006AED35 /* ProfileContentView.swift */,
				2E7205C02996759F006AED35 /* HowCarGoWorks.swift */,
			);
			path = Profile;
			sourceTree = "<group>";
		};
		2EF1CB1A298D440E009F8626 /* Helpers */ = {
			isa = PBXGroup;
			children = (
				2E19CE972993A27900499162 /* ImagePicker.swift */,
				2EF1CB1B298D442E009F8626 /* MultiSelector.swift */,
				2EF1CB1F298D4BD9009F8626 /* MultiSelectionView.swift */,
				2E19CE9129937ECE00499162 /* CustomTextField.swift */,
				2E19CE95299397EE00499162 /* PhotoCaptureView.swift */,
				2ED414BB29952571008B5356 /* EmptyProfileImage.swift */,
				2E7205C2299677DD006AED35 /* Number.swift */,
			);
			path = Helpers;
			sourceTree = "<group>";
		};
		35E4CAAA0805A8BC47F8E7D2 /* Pods */ = {
			isa = PBXGroup;
			children = (
				FC814580E0BC437143919B9D /* Pods-CarGo.debug.xcconfig */,
				C93542DC751FB58CC7C13795 /* Pods-CarGo.release.xcconfig */,
				1965C0BEDF433C762F6DB8EB /* Pods-CarGo-CarGoUITests.debug.xcconfig */,
				0AE97BE8EB6C092F50BA3A7E /* Pods-CarGo-CarGoUITests.release.xcconfig */,
				861D0C88C988D032E6A2B7A2 /* Pods-CarGoTests.debug.xcconfig */,
				54BCF711DE88C9164AD48204 /* Pods-CarGoTests.release.xcconfig */,
			);
			path = Pods;
			sourceTree = "<group>";
		};
		626B205ED459ED8CAFEB3CF0 /* Frameworks */ = {
			isa = PBXGroup;
			children = (
				BEFBCBA015E8B76AA55FA198 /* Pods_CarGo.framework */,
				80FB057E3486CB2B0521ED8F /* Pods_CarGo_CarGoUITests.framework */,
				62447F8F3E6A72F776F07F9C /* Pods_CarGoTests.framework */,
			);
			name = Frameworks;
			sourceTree = "<group>";
		};
/* End PBXGroup section */

/* Begin PBXNativeTarget section */
		2E5CDC56294F2021001F2524 /* CarGo */ = {
			isa = PBXNativeTarget;
			buildConfigurationList = 2E5CDC80294F2022001F2524 /* Build configuration list for PBXNativeTarget "CarGo" */;
			buildPhases = (
				E23F9A1AF80F819CF8D46E66 /* [CP] Check Pods Manifest.lock */,
				2E5CDC53294F2021001F2524 /* Sources */,
				2E5CDC54294F2021001F2524 /* Frameworks */,
				2E5CDC55294F2021001F2524 /* Resources */,
				2E248CFC294F25BE00F80ADB /* ShellScript */,
			);
			buildRules = (
			);
			dependencies = (
			);
			name = CarGo;
			productName = CarGo;
			productReference = 2E5CDC57294F2021001F2524 /* CarGo.app */;
			productType = "com.apple.product-type.application";
		};
		2E5CDC6B294F2022001F2524 /* CarGoTests */ = {
			isa = PBXNativeTarget;
			buildConfigurationList = 2E5CDC83294F2022001F2524 /* Build configuration list for PBXNativeTarget "CarGoTests" */;
			buildPhases = (
				935047AEA27A46FDACC392A7 /* [CP] Check Pods Manifest.lock */,
				2E5CDC68294F2022001F2524 /* Sources */,
				2E5CDC69294F2022001F2524 /* Frameworks */,
				2E5CDC6A294F2022001F2524 /* Resources */,
			);
			buildRules = (
			);
			dependencies = (
				2E5CDC6E294F2022001F2524 /* PBXTargetDependency */,
			);
			name = CarGoTests;
			productName = CarGoTests;
			productReference = 2E5CDC6C294F2022001F2524 /* CarGoTests.xctest */;
			productType = "com.apple.product-type.bundle.unit-test";
		};
		2E5CDC75294F2022001F2524 /* CarGoUITests */ = {
			isa = PBXNativeTarget;
			buildConfigurationList = 2E5CDC86294F2022001F2524 /* Build configuration list for PBXNativeTarget "CarGoUITests" */;
			buildPhases = (
				42EA2A33BF0662B3844A2010 /* [CP] Check Pods Manifest.lock */,
				2E5CDC72294F2022001F2524 /* Sources */,
				2E5CDC73294F2022001F2524 /* Frameworks */,
				2E5CDC74294F2022001F2524 /* Resources */,
			);
			buildRules = (
			);
			dependencies = (
				2E5CDC78294F2022001F2524 /* PBXTargetDependency */,
			);
			name = CarGoUITests;
			productName = CarGoUITests;
			productReference = 2E5CDC76294F2022001F2524 /* CarGoUITests.xctest */;
			productType = "com.apple.product-type.bundle.ui-testing";
		};
/* End PBXNativeTarget section */

/* Begin PBXProject section */
		2E5CDC4F294F2021001F2524 /* Project object */ = {
			isa = PBXProject;
			attributes = {
				BuildIndependentTargetsInParallel = 1;
				LastSwiftUpdateCheck = 1420;
				LastUpgradeCheck = 1420;
				TargetAttributes = {
					2E5CDC56294F2021001F2524 = {
						CreatedOnToolsVersion = 14.2;
					};
					2E5CDC6B294F2022001F2524 = {
						CreatedOnToolsVersion = 14.2;
						TestTargetID = 2E5CDC56294F2021001F2524;
					};
					2E5CDC75294F2022001F2524 = {
						CreatedOnToolsVersion = 14.2;
						TestTargetID = 2E5CDC56294F2021001F2524;
					};
				};
			};
			buildConfigurationList = 2E5CDC52294F2021001F2524 /* Build configuration list for PBXProject "CarGo" */;
			compatibilityVersion = "Xcode 14.0";
			developmentRegion = en;
			hasScannedForEncodings = 0;
			knownRegions = (
				en,
				Base,
			);
			mainGroup = 2E5CDC4E294F2020001F2524;
			productRefGroup = 2E5CDC58294F2021001F2524 /* Products */;
			projectDirPath = "";
			projectRoot = "";
			targets = (
				2E5CDC56294F2021001F2524 /* CarGo */,
				2E5CDC6B294F2022001F2524 /* CarGoTests */,
				2E5CDC75294F2022001F2524 /* CarGoUITests */,
			);
		};
/* End PBXProject section */

/* Begin PBXResourcesBuildPhase section */
		2E5CDC55294F2021001F2524 /* Resources */ = {
			isa = PBXResourcesBuildPhase;
			buildActionMask = 2147483647;
			files = (
				2E2C230A2951B508003929C1 /* Launch Screen.storyboard in Resources */,
				2E5CDC62294F2022001F2524 /* Preview Assets.xcassets in Resources */,
				2E5CDC5F294F2022001F2524 /* Assets.xcassets in Resources */,
			);
			runOnlyForDeploymentPostprocessing = 0;
		};
		2E5CDC6A294F2022001F2524 /* Resources */ = {
			isa = PBXResourcesBuildPhase;
			buildActionMask = 2147483647;
			files = (
			);
			runOnlyForDeploymentPostprocessing = 0;
		};
		2E5CDC74294F2022001F2524 /* Resources */ = {
			isa = PBXResourcesBuildPhase;
			buildActionMask = 2147483647;
			files = (
			);
			runOnlyForDeploymentPostprocessing = 0;
		};
/* End PBXResourcesBuildPhase section */

/* Begin PBXShellScriptBuildPhase section */
		2E248CFC294F25BE00F80ADB /* ShellScript */ = {
			isa = PBXShellScriptBuildPhase;
			buildActionMask = 2147483647;
			files = (
			);
			inputFileListPaths = (
			);
			inputPaths = (
			);
			outputFileListPaths = (
			);
			outputPaths = (
			);
			runOnlyForDeploymentPostprocessing = 0;
			shellPath = /bin/sh;
			shellScript = "if which \"${PODS_ROOT}/SwiftLint/swiftlint\" >/dev/null; then\n    ${PODS_ROOT}/SwiftLint/swiftlint\nelse\n    echo \"warning: SwiftLint not installed, download from https://github.com/realm/SwiftLint\"\nfi\n";
		};
		42EA2A33BF0662B3844A2010 /* [CP] Check Pods Manifest.lock */ = {
			isa = PBXShellScriptBuildPhase;
			buildActionMask = 2147483647;
			files = (
			);
			inputFileListPaths = (
			);
			inputPaths = (
				"${PODS_PODFILE_DIR_PATH}/Podfile.lock",
				"${PODS_ROOT}/Manifest.lock",
			);
			name = "[CP] Check Pods Manifest.lock";
			outputFileListPaths = (
			);
			outputPaths = (
				"$(DERIVED_FILE_DIR)/Pods-CarGo-CarGoUITests-checkManifestLockResult.txt",
			);
			runOnlyForDeploymentPostprocessing = 0;
			shellPath = /bin/sh;
			shellScript = "diff \"${PODS_PODFILE_DIR_PATH}/Podfile.lock\" \"${PODS_ROOT}/Manifest.lock\" > /dev/null\nif [ $? != 0 ] ; then\n    # print error to STDERR\n    echo \"error: The sandbox is not in sync with the Podfile.lock. Run 'pod install' or update your CocoaPods installation.\" >&2\n    exit 1\nfi\n# This output is used by Xcode 'outputs' to avoid re-running this script phase.\necho \"SUCCESS\" > \"${SCRIPT_OUTPUT_FILE_0}\"\n";
			showEnvVarsInLog = 0;
		};
		935047AEA27A46FDACC392A7 /* [CP] Check Pods Manifest.lock */ = {
			isa = PBXShellScriptBuildPhase;
			buildActionMask = 2147483647;
			files = (
			);
			inputFileListPaths = (
			);
			inputPaths = (
				"${PODS_PODFILE_DIR_PATH}/Podfile.lock",
				"${PODS_ROOT}/Manifest.lock",
			);
			name = "[CP] Check Pods Manifest.lock";
			outputFileListPaths = (
			);
			outputPaths = (
				"$(DERIVED_FILE_DIR)/Pods-CarGoTests-checkManifestLockResult.txt",
			);
			runOnlyForDeploymentPostprocessing = 0;
			shellPath = /bin/sh;
			shellScript = "diff \"${PODS_PODFILE_DIR_PATH}/Podfile.lock\" \"${PODS_ROOT}/Manifest.lock\" > /dev/null\nif [ $? != 0 ] ; then\n    # print error to STDERR\n    echo \"error: The sandbox is not in sync with the Podfile.lock. Run 'pod install' or update your CocoaPods installation.\" >&2\n    exit 1\nfi\n# This output is used by Xcode 'outputs' to avoid re-running this script phase.\necho \"SUCCESS\" > \"${SCRIPT_OUTPUT_FILE_0}\"\n";
			showEnvVarsInLog = 0;
		};
		E23F9A1AF80F819CF8D46E66 /* [CP] Check Pods Manifest.lock */ = {
			isa = PBXShellScriptBuildPhase;
			buildActionMask = 2147483647;
			files = (
			);
			inputFileListPaths = (
			);
			inputPaths = (
				"${PODS_PODFILE_DIR_PATH}/Podfile.lock",
				"${PODS_ROOT}/Manifest.lock",
			);
			name = "[CP] Check Pods Manifest.lock";
			outputFileListPaths = (
			);
			outputPaths = (
				"$(DERIVED_FILE_DIR)/Pods-CarGo-checkManifestLockResult.txt",
			);
			runOnlyForDeploymentPostprocessing = 0;
			shellPath = /bin/sh;
			shellScript = "diff \"${PODS_PODFILE_DIR_PATH}/Podfile.lock\" \"${PODS_ROOT}/Manifest.lock\" > /dev/null\nif [ $? != 0 ] ; then\n    # print error to STDERR\n    echo \"error: The sandbox is not in sync with the Podfile.lock. Run 'pod install' or update your CocoaPods installation.\" >&2\n    exit 1\nfi\n# This output is used by Xcode 'outputs' to avoid re-running this script phase.\necho \"SUCCESS\" > \"${SCRIPT_OUTPUT_FILE_0}\"\n";
			showEnvVarsInLog = 0;
		};
/* End PBXShellScriptBuildPhase section */

/* Begin PBXSourcesBuildPhase section */
		2E5CDC53294F2021001F2524 /* Sources */ = {
			isa = PBXSourcesBuildPhase;
			buildActionMask = 2147483647;
			files = (
				2E7205BF29964E22006AED35 /* Router.swift in Sources */,
				2EBC7031299A7EEC00084A48 /* AccountInfo.swift in Sources */,
				2EBC7017299A0BA600084A48 /* UserRepository.swift in Sources */,
				2ED414A82994DB3C008B5356 /* EditProfileProtocol.swift in Sources */,
				2E2119B12950A54D0009A0A4 /* SignUpView.swift in Sources */,
				2E16785E297417E600184CB9 /* RegisterProtocol.swift in Sources */,
				2E7205C12996759F006AED35 /* HowCarGoWorks.swift in Sources */,
				2E2119B32950B2620009A0A4 /* CustomTextView.swift in Sources */,
				2EBC7019299A708B00084A48 /* AccountInfoProtocol.swift in Sources */,
				2E7205BD29964DEC006AED35 /* ProfileContentView.swift in Sources */,
				2E764142299BBC520016E941 /* ChangeEmailService.swift in Sources */,
				2EDFD6EA29755F0D00561C6E /* Response.swift in Sources */,
				2E91E952298171FE00B70C4B /* MyBookingsView.swift in Sources */,
				2EF1CB1C298D442E009F8626 /* MultiSelector.swift in Sources */,
				2ED414BC29952571008B5356 /* EmptyProfileImage.swift in Sources */,
				2ED414B429951D40008B5356 /* UserInfoService.swift in Sources */,
				2E5CDC67294F2022001F2524 /* CarGo.xcdatamodeld in Sources */,
				2E19CE96299397EE00499162 /* PhotoCaptureView.swift in Sources */,
				2E1678602974180B00184CB9 /* RegisterService.swift in Sources */,
				2E91E9542981720F00B70C4B /* ProfileView.swift in Sources */,
				2E76413E299BA9A60016E941 /* ChangeEmail.swift in Sources */,
				2E2119BA2950C02E0009A0A4 /* StringExtension.swift in Sources */,
				2E2119B52950B5130009A0A4 /* PasswordTextView.swift in Sources */,
				2E131542298B8DB8008ED79D /* ProfileDetails.swift in Sources */,
				2E2426A72996151D005A72C2 /* IncompleteProfile.swift in Sources */,
				2EF1CB19298BE2EB009F8626 /* EditProfile.swift in Sources */,
				2E91E950298171EC00B70C4B /* FavoriteCarsView.swift in Sources */,
				2E19CE982993A27900499162 /* ImagePicker.swift in Sources */,
				2ED414BA299521DD008B5356 /* DataExtension.swift in Sources */,
				2E91E94B2981713C00B70C4B /* RentingContentView.swift in Sources */,
				2E6353282976A2210016EC6E /* LoginProtocol.swift in Sources */,
				2EE40790294F3C69005A6CCD /* WelcomeView.swift in Sources */,
				2E63532E2976A3CA0016EC6E /* UserDTO.swift in Sources */,
				2E764146299BDF180016E941 /* ChangePhoneNumberProtocol.swift in Sources */,
				2E7205C3299677DD006AED35 /* Number.swift in Sources */,
				2E16786629741B5000184CB9 /* RegisterData.swift in Sources */,
				2E764144299BDE0F0016E941 /* ChangePhoneNumber.swift in Sources */,
				2E63532A2976A25C0016EC6E /* LoginService.swift in Sources */,
				2E91E94E298171DA00B70C4B /* SearchCarsView.swift in Sources */,
				2EBC702E299A714000084A48 /* AccountInfoService.swift in Sources */,
				2E19CE9229937ECE00499162 /* CustomTextField.swift in Sources */,
				2E167863297419DA00184CB9 /* NetworkError.swift in Sources */,
				2ED414B02994E196008B5356 /* EditProfileViewModel.swift in Sources */,
				2E764140299BBC040016E941 /* ChangeEmailProtocol.swift in Sources */,
				2EF1CB1E298D46C2009F8626 /* Languages.swift in Sources */,
				2ED414AC2994DC0D008B5356 /* ApiEndpoint.swift in Sources */,
				2ED414AA2994DBA2008B5356 /* EditProfileService.swift in Sources */,
				2E764148299BDF6E0016E941 /* ChangePhoneNumberService.swift in Sources */,
				2E6353262976A17F0016EC6E /* LoginData.swift in Sources */,
				2ECBAF472973FA90001FE86C /* RegisterViewModel.swift in Sources */,
				2EAB174D2980051C001A153F /* ErrorResponse.swift in Sources */,
				2ED414B229951CA2008B5356 /* UserInfoProtocol.swift in Sources */,
				2ED414B829951F05008B5356 /* ProfileViewModel.swift in Sources */,
				2ED414A62994DAA4008B5356 /* UserDetailsData.swift in Sources */,
				2E131540298AB04C008ED79D /* TermsAndConditions.swift in Sources */,
				2E5CDC5B294F2021001F2524 /* CarGoApp.swift in Sources */,
				2EA0D8BB2976CC9F005DE1D9 /* LoginViewModel.swift in Sources */,
				2EF1CB20298D4BD9009F8626 /* MultiSelectionView.swift in Sources */,
			);
			runOnlyForDeploymentPostprocessing = 0;
		};
		2E5CDC68294F2022001F2524 /* Sources */ = {
			isa = PBXSourcesBuildPhase;
			buildActionMask = 2147483647;
			files = (
			);
			runOnlyForDeploymentPostprocessing = 0;
		};
		2E5CDC72294F2022001F2524 /* Sources */ = {
			isa = PBXSourcesBuildPhase;
			buildActionMask = 2147483647;
			files = (
			);
			runOnlyForDeploymentPostprocessing = 0;
		};
/* End PBXSourcesBuildPhase section */

/* Begin PBXTargetDependency section */
		2E5CDC6E294F2022001F2524 /* PBXTargetDependency */ = {
			isa = PBXTargetDependency;
			target = 2E5CDC56294F2021001F2524 /* CarGo */;
			targetProxy = 2E5CDC6D294F2022001F2524 /* PBXContainerItemProxy */;
		};
		2E5CDC78294F2022001F2524 /* PBXTargetDependency */ = {
			isa = PBXTargetDependency;
			target = 2E5CDC56294F2021001F2524 /* CarGo */;
			targetProxy = 2E5CDC77294F2022001F2524 /* PBXContainerItemProxy */;
		};
/* End PBXTargetDependency section */

/* Begin XCBuildConfiguration section */
		2E5CDC7E294F2022001F2524 /* Debug */ = {
			isa = XCBuildConfiguration;
			buildSettings = {
				ALWAYS_SEARCH_USER_PATHS = NO;
				CLANG_ANALYZER_NONNULL = YES;
				CLANG_ANALYZER_NUMBER_OBJECT_CONVERSION = YES_AGGRESSIVE;
				CLANG_CXX_LANGUAGE_STANDARD = "gnu++20";
				CLANG_ENABLE_MODULES = YES;
				CLANG_ENABLE_OBJC_ARC = YES;
				CLANG_ENABLE_OBJC_WEAK = YES;
				CLANG_WARN_BLOCK_CAPTURE_AUTORELEASING = YES;
				CLANG_WARN_BOOL_CONVERSION = YES;
				CLANG_WARN_COMMA = YES;
				CLANG_WARN_CONSTANT_CONVERSION = YES;
				CLANG_WARN_DEPRECATED_OBJC_IMPLEMENTATIONS = YES;
				CLANG_WARN_DIRECT_OBJC_ISA_USAGE = YES_ERROR;
				CLANG_WARN_DOCUMENTATION_COMMENTS = YES;
				CLANG_WARN_EMPTY_BODY = YES;
				CLANG_WARN_ENUM_CONVERSION = YES;
				CLANG_WARN_INFINITE_RECURSION = YES;
				CLANG_WARN_INT_CONVERSION = YES;
				CLANG_WARN_NON_LITERAL_NULL_CONVERSION = YES;
				CLANG_WARN_OBJC_IMPLICIT_RETAIN_SELF = YES;
				CLANG_WARN_OBJC_LITERAL_CONVERSION = YES;
				CLANG_WARN_OBJC_ROOT_CLASS = YES_ERROR;
				CLANG_WARN_QUOTED_INCLUDE_IN_FRAMEWORK_HEADER = YES;
				CLANG_WARN_RANGE_LOOP_ANALYSIS = YES;
				CLANG_WARN_STRICT_PROTOTYPES = YES;
				CLANG_WARN_SUSPICIOUS_MOVE = YES;
				CLANG_WARN_UNGUARDED_AVAILABILITY = YES_AGGRESSIVE;
				CLANG_WARN_UNREACHABLE_CODE = YES;
				CLANG_WARN__DUPLICATE_METHOD_MATCH = YES;
				COPY_PHASE_STRIP = NO;
				DEBUG_INFORMATION_FORMAT = dwarf;
				ENABLE_STRICT_OBJC_MSGSEND = YES;
				ENABLE_TESTABILITY = YES;
				GCC_C_LANGUAGE_STANDARD = gnu11;
				GCC_DYNAMIC_NO_PIC = NO;
				GCC_NO_COMMON_BLOCKS = YES;
				GCC_OPTIMIZATION_LEVEL = 0;
				GCC_PREPROCESSOR_DEFINITIONS = (
					"DEBUG=1",
					"$(inherited)",
				);
				GCC_WARN_64_TO_32_BIT_CONVERSION = YES;
				GCC_WARN_ABOUT_RETURN_TYPE = YES_ERROR;
				GCC_WARN_UNDECLARED_SELECTOR = YES;
				GCC_WARN_UNINITIALIZED_AUTOS = YES_AGGRESSIVE;
				GCC_WARN_UNUSED_FUNCTION = YES;
				GCC_WARN_UNUSED_VARIABLE = YES;
				IPHONEOS_DEPLOYMENT_TARGET = 16.2;
				MTL_ENABLE_DEBUG_INFO = INCLUDE_SOURCE;
				MTL_FAST_MATH = YES;
				ONLY_ACTIVE_ARCH = YES;
				SDKROOT = iphoneos;
				SWIFT_ACTIVE_COMPILATION_CONDITIONS = DEBUG;
				SWIFT_OPTIMIZATION_LEVEL = "-Onone";
			};
			name = Debug;
		};
		2E5CDC7F294F2022001F2524 /* Release */ = {
			isa = XCBuildConfiguration;
			buildSettings = {
				ALWAYS_SEARCH_USER_PATHS = NO;
				CLANG_ANALYZER_NONNULL = YES;
				CLANG_ANALYZER_NUMBER_OBJECT_CONVERSION = YES_AGGRESSIVE;
				CLANG_CXX_LANGUAGE_STANDARD = "gnu++20";
				CLANG_ENABLE_MODULES = YES;
				CLANG_ENABLE_OBJC_ARC = YES;
				CLANG_ENABLE_OBJC_WEAK = YES;
				CLANG_WARN_BLOCK_CAPTURE_AUTORELEASING = YES;
				CLANG_WARN_BOOL_CONVERSION = YES;
				CLANG_WARN_COMMA = YES;
				CLANG_WARN_CONSTANT_CONVERSION = YES;
				CLANG_WARN_DEPRECATED_OBJC_IMPLEMENTATIONS = YES;
				CLANG_WARN_DIRECT_OBJC_ISA_USAGE = YES_ERROR;
				CLANG_WARN_DOCUMENTATION_COMMENTS = YES;
				CLANG_WARN_EMPTY_BODY = YES;
				CLANG_WARN_ENUM_CONVERSION = YES;
				CLANG_WARN_INFINITE_RECURSION = YES;
				CLANG_WARN_INT_CONVERSION = YES;
				CLANG_WARN_NON_LITERAL_NULL_CONVERSION = YES;
				CLANG_WARN_OBJC_IMPLICIT_RETAIN_SELF = YES;
				CLANG_WARN_OBJC_LITERAL_CONVERSION = YES;
				CLANG_WARN_OBJC_ROOT_CLASS = YES_ERROR;
				CLANG_WARN_QUOTED_INCLUDE_IN_FRAMEWORK_HEADER = YES;
				CLANG_WARN_RANGE_LOOP_ANALYSIS = YES;
				CLANG_WARN_STRICT_PROTOTYPES = YES;
				CLANG_WARN_SUSPICIOUS_MOVE = YES;
				CLANG_WARN_UNGUARDED_AVAILABILITY = YES_AGGRESSIVE;
				CLANG_WARN_UNREACHABLE_CODE = YES;
				CLANG_WARN__DUPLICATE_METHOD_MATCH = YES;
				COPY_PHASE_STRIP = NO;
				DEBUG_INFORMATION_FORMAT = "dwarf-with-dsym";
				ENABLE_NS_ASSERTIONS = NO;
				ENABLE_STRICT_OBJC_MSGSEND = YES;
				GCC_C_LANGUAGE_STANDARD = gnu11;
				GCC_NO_COMMON_BLOCKS = YES;
				GCC_WARN_64_TO_32_BIT_CONVERSION = YES;
				GCC_WARN_ABOUT_RETURN_TYPE = YES_ERROR;
				GCC_WARN_UNDECLARED_SELECTOR = YES;
				GCC_WARN_UNINITIALIZED_AUTOS = YES_AGGRESSIVE;
				GCC_WARN_UNUSED_FUNCTION = YES;
				GCC_WARN_UNUSED_VARIABLE = YES;
				IPHONEOS_DEPLOYMENT_TARGET = 16.2;
				MTL_ENABLE_DEBUG_INFO = NO;
				MTL_FAST_MATH = YES;
				SDKROOT = iphoneos;
				SWIFT_COMPILATION_MODE = wholemodule;
				SWIFT_OPTIMIZATION_LEVEL = "-O";
				VALIDATE_PRODUCT = YES;
			};
			name = Release;
		};
		2E5CDC81294F2022001F2524 /* Debug */ = {
			isa = XCBuildConfiguration;
			baseConfigurationReference = FC814580E0BC437143919B9D /* Pods-CarGo.debug.xcconfig */;
			buildSettings = {
				ASSETCATALOG_COMPILER_APPICON_NAME = AppIcon;
				ASSETCATALOG_COMPILER_GLOBAL_ACCENT_COLOR_NAME = AccentColor;
				CODE_SIGN_STYLE = Automatic;
				CURRENT_PROJECT_VERSION = 1;
				DEVELOPMENT_ASSET_PATHS = "\"CarGo/Preview Content\"";
				DEVELOPMENT_TEAM = 2X7QCM3SWG;
				ENABLE_PREVIEWS = YES;
				GENERATE_INFOPLIST_FILE = YES;
				INFOPLIST_FILE = CarGo/Info.plist;
				INFOPLIST_KEY_NSCameraUsageDescription = "";
				INFOPLIST_KEY_UIApplicationSceneManifest_Generation = YES;
				INFOPLIST_KEY_UIApplicationSupportsIndirectInputEvents = YES;
				INFOPLIST_KEY_UILaunchScreen_Generation = YES;
				INFOPLIST_KEY_UILaunchStoryboardName = "Launch Screen.storyboard";
				INFOPLIST_KEY_UISupportedInterfaceOrientations_iPad = "UIInterfaceOrientationPortrait UIInterfaceOrientationPortraitUpsideDown UIInterfaceOrientationLandscapeLeft UIInterfaceOrientationLandscapeRight";
				INFOPLIST_KEY_UISupportedInterfaceOrientations_iPhone = "UIInterfaceOrientationPortrait UIInterfaceOrientationLandscapeLeft UIInterfaceOrientationLandscapeRight";
				INFOPLIST_KEY_UIUserInterfaceStyle = Light;
				IPHONEOS_DEPLOYMENT_TARGET = 16.0;
				LD_RUNPATH_SEARCH_PATHS = (
					"$(inherited)",
					"@executable_path/Frameworks",
				);
				MARKETING_VERSION = 1.0;
				PRODUCT_BUNDLE_IDENTIFIER = "com.example.CarGoThesis-";
				PRODUCT_NAME = "$(TARGET_NAME)";
				SWIFT_EMIT_LOC_STRINGS = YES;
				SWIFT_VERSION = 5.0;
				TARGETED_DEVICE_FAMILY = "1,2";
			};
			name = Debug;
		};
		2E5CDC82294F2022001F2524 /* Release */ = {
			isa = XCBuildConfiguration;
			baseConfigurationReference = C93542DC751FB58CC7C13795 /* Pods-CarGo.release.xcconfig */;
			buildSettings = {
				ASSETCATALOG_COMPILER_APPICON_NAME = AppIcon;
				ASSETCATALOG_COMPILER_GLOBAL_ACCENT_COLOR_NAME = AccentColor;
				CODE_SIGN_STYLE = Automatic;
				CURRENT_PROJECT_VERSION = 1;
				DEVELOPMENT_ASSET_PATHS = "\"CarGo/Preview Content\"";
				DEVELOPMENT_TEAM = 2X7QCM3SWG;
				ENABLE_PREVIEWS = YES;
				GENERATE_INFOPLIST_FILE = YES;
				INFOPLIST_FILE = CarGo/Info.plist;
				INFOPLIST_KEY_NSCameraUsageDescription = "";
				INFOPLIST_KEY_UIApplicationSceneManifest_Generation = YES;
				INFOPLIST_KEY_UIApplicationSupportsIndirectInputEvents = YES;
				INFOPLIST_KEY_UILaunchScreen_Generation = YES;
				INFOPLIST_KEY_UILaunchStoryboardName = "Launch Screen.storyboard";
				INFOPLIST_KEY_UISupportedInterfaceOrientations_iPad = "UIInterfaceOrientationPortrait UIInterfaceOrientationPortraitUpsideDown UIInterfaceOrientationLandscapeLeft UIInterfaceOrientationLandscapeRight";
				INFOPLIST_KEY_UISupportedInterfaceOrientations_iPhone = "UIInterfaceOrientationPortrait UIInterfaceOrientationLandscapeLeft UIInterfaceOrientationLandscapeRight";
				INFOPLIST_KEY_UIUserInterfaceStyle = Light;
				IPHONEOS_DEPLOYMENT_TARGET = 16.0;
				LD_RUNPATH_SEARCH_PATHS = (
					"$(inherited)",
					"@executable_path/Frameworks",
				);
				MARKETING_VERSION = 1.0;
				PRODUCT_BUNDLE_IDENTIFIER = "com.example.CarGoThesis-";
				PRODUCT_NAME = "$(TARGET_NAME)";
				SWIFT_EMIT_LOC_STRINGS = YES;
				SWIFT_VERSION = 5.0;
				TARGETED_DEVICE_FAMILY = "1,2";
			};
			name = Release;
		};
		2E5CDC84294F2022001F2524 /* Debug */ = {
			isa = XCBuildConfiguration;
			baseConfigurationReference = 861D0C88C988D032E6A2B7A2 /* Pods-CarGoTests.debug.xcconfig */;
			buildSettings = {
				ALWAYS_EMBED_SWIFT_STANDARD_LIBRARIES = YES;
				BUNDLE_LOADER = "$(TEST_HOST)";
				CODE_SIGN_STYLE = Automatic;
				CURRENT_PROJECT_VERSION = 1;
				GENERATE_INFOPLIST_FILE = YES;
				IPHONEOS_DEPLOYMENT_TARGET = 16.2;
				MARKETING_VERSION = 1.0;
				PRODUCT_BUNDLE_IDENTIFIER = com.example.CarGoTests;
				PRODUCT_NAME = "$(TARGET_NAME)";
				SWIFT_EMIT_LOC_STRINGS = NO;
				SWIFT_VERSION = 5.0;
				TARGETED_DEVICE_FAMILY = "1,2";
				TEST_HOST = "$(BUILT_PRODUCTS_DIR)/CarGo.app/$(BUNDLE_EXECUTABLE_FOLDER_PATH)/CarGo";
			};
			name = Debug;
		};
		2E5CDC85294F2022001F2524 /* Release */ = {
			isa = XCBuildConfiguration;
			baseConfigurationReference = 54BCF711DE88C9164AD48204 /* Pods-CarGoTests.release.xcconfig */;
			buildSettings = {
				ALWAYS_EMBED_SWIFT_STANDARD_LIBRARIES = YES;
				BUNDLE_LOADER = "$(TEST_HOST)";
				CODE_SIGN_STYLE = Automatic;
				CURRENT_PROJECT_VERSION = 1;
				GENERATE_INFOPLIST_FILE = YES;
				IPHONEOS_DEPLOYMENT_TARGET = 16.2;
				MARKETING_VERSION = 1.0;
				PRODUCT_BUNDLE_IDENTIFIER = com.example.CarGoTests;
				PRODUCT_NAME = "$(TARGET_NAME)";
				SWIFT_EMIT_LOC_STRINGS = NO;
				SWIFT_VERSION = 5.0;
				TARGETED_DEVICE_FAMILY = "1,2";
				TEST_HOST = "$(BUILT_PRODUCTS_DIR)/CarGo.app/$(BUNDLE_EXECUTABLE_FOLDER_PATH)/CarGo";
			};
			name = Release;
		};
		2E5CDC87294F2022001F2524 /* Debug */ = {
			isa = XCBuildConfiguration;
			baseConfigurationReference = 1965C0BEDF433C762F6DB8EB /* Pods-CarGo-CarGoUITests.debug.xcconfig */;
			buildSettings = {
				ALWAYS_EMBED_SWIFT_STANDARD_LIBRARIES = YES;
				CODE_SIGN_STYLE = Automatic;
				CURRENT_PROJECT_VERSION = 1;
				GENERATE_INFOPLIST_FILE = YES;
				MARKETING_VERSION = 1.0;
				PRODUCT_BUNDLE_IDENTIFIER = com.example.CarGoUITests;
				PRODUCT_NAME = "$(TARGET_NAME)";
				SWIFT_EMIT_LOC_STRINGS = NO;
				SWIFT_VERSION = 5.0;
				TARGETED_DEVICE_FAMILY = "1,2";
				TEST_TARGET_NAME = CarGo;
			};
			name = Debug;
		};
		2E5CDC88294F2022001F2524 /* Release */ = {
			isa = XCBuildConfiguration;
			baseConfigurationReference = 0AE97BE8EB6C092F50BA3A7E /* Pods-CarGo-CarGoUITests.release.xcconfig */;
			buildSettings = {
				ALWAYS_EMBED_SWIFT_STANDARD_LIBRARIES = YES;
				CODE_SIGN_STYLE = Automatic;
				CURRENT_PROJECT_VERSION = 1;
				GENERATE_INFOPLIST_FILE = YES;
				MARKETING_VERSION = 1.0;
				PRODUCT_BUNDLE_IDENTIFIER = com.example.CarGoUITests;
				PRODUCT_NAME = "$(TARGET_NAME)";
				SWIFT_EMIT_LOC_STRINGS = NO;
				SWIFT_VERSION = 5.0;
				TARGETED_DEVICE_FAMILY = "1,2";
				TEST_TARGET_NAME = CarGo;
			};
			name = Release;
		};
/* End XCBuildConfiguration section */

/* Begin XCConfigurationList section */
		2E5CDC52294F2021001F2524 /* Build configuration list for PBXProject "CarGo" */ = {
			isa = XCConfigurationList;
			buildConfigurations = (
				2E5CDC7E294F2022001F2524 /* Debug */,
				2E5CDC7F294F2022001F2524 /* Release */,
			);
			defaultConfigurationIsVisible = 0;
			defaultConfigurationName = Release;
		};
		2E5CDC80294F2022001F2524 /* Build configuration list for PBXNativeTarget "CarGo" */ = {
			isa = XCConfigurationList;
			buildConfigurations = (
				2E5CDC81294F2022001F2524 /* Debug */,
				2E5CDC82294F2022001F2524 /* Release */,
			);
			defaultConfigurationIsVisible = 0;
			defaultConfigurationName = Release;
		};
		2E5CDC83294F2022001F2524 /* Build configuration list for PBXNativeTarget "CarGoTests" */ = {
			isa = XCConfigurationList;
			buildConfigurations = (
				2E5CDC84294F2022001F2524 /* Debug */,
				2E5CDC85294F2022001F2524 /* Release */,
			);
			defaultConfigurationIsVisible = 0;
			defaultConfigurationName = Release;
		};
		2E5CDC86294F2022001F2524 /* Build configuration list for PBXNativeTarget "CarGoUITests" */ = {
			isa = XCConfigurationList;
			buildConfigurations = (
				2E5CDC87294F2022001F2524 /* Debug */,
				2E5CDC88294F2022001F2524 /* Release */,
			);
			defaultConfigurationIsVisible = 0;
			defaultConfigurationName = Release;
		};
/* End XCConfigurationList section */

/* Begin XCVersionGroup section */
		2E5CDC65294F2022001F2524 /* CarGo.xcdatamodeld */ = {
			isa = XCVersionGroup;
			children = (
				2E5CDC66294F2022001F2524 /* CarGo.xcdatamodel */,
			);
			currentVersion = 2E5CDC66294F2022001F2524 /* CarGo.xcdatamodel */;
			path = CarGo.xcdatamodeld;
			sourceTree = "<group>";
			versionGroupType = wrapper.xcdatamodel;
		};
/* End XCVersionGroup section */
	};
	rootObject = 2E5CDC4F294F2021001F2524 /* Project object */;
}
